
Microsoft Visual Studio Solution File, Format Version 12.00
# Visual Studio Version 16
VisualStudioVersion = 16.0.30711.63
MinimumVisualStudioVersion = 10.0.40219.1
Project("{FAE04EC0-301F-11D3-BF4B-00C04F79EFBC}") = "ua-acm-website", "ua-acm-website.csproj", "{D7D24024-71A9-4D5E-883E-B7B0BBA29C20}"
EndProject
Global
	GlobalSection(SolutionConfigurationPlatforms) = preSolution
		Debug|Any CPU = Debug|Any CPU
		Release|Any CPU = Release|Any CPU
	EndGlobalSection
	GlobalSection(ProjectConfigurationPlatforms) = postSolution
		{D7D24024-71A9-4D5E-883E-B7B0BBA29C20}.Debug|Any CPU.ActiveCfg = Debug|Any CPU
		{D7D24024-71A9-4D5E-883E-B7B0BBA29C20}.Debug|Any CPU.Build.0 = Debug|Any CPU
		{D7D24024-71A9-4D5E-883E-B7B0BBA29C20}.Release|Any CPU.ActiveCfg = Release|Any CPU
		{D7D24024-71A9-4D5E-883E-B7B0BBA29C20}.Release|Any CPU.Build.0 = Release|Any CPU
	EndGlobalSection
	GlobalSection(SolutionProperties) = preSolution
		HideSolutionNode = FALSE
	EndGlobalSection
	GlobalSection(ExtensibilityGlobals) = postSolution
		SolutionGuid = {D721E6E9-C768-4178-A1BC-69088A64E22A}
	EndGlobalSection
EndGlobal
